// !$*UTF8*$!
{
	archiveVersion = 1;
	classes = {
	};
	objectVersion = 56;
	objects = {

/* Begin PBXBuildFile section */
		C65145102AAB7B4300C9F147 /* AppDelegate.swift in Sources */ = {isa = PBXBuildFile; fileRef = C651450F2AAB7B4300C9F147 /* AppDelegate.swift */; };
		C65145122AAB7B4300C9F147 /* SceneDelegate.swift in Sources */ = {isa = PBXBuildFile; fileRef = C65145112AAB7B4300C9F147 /* SceneDelegate.swift */; };
		C65145142AAB7B4300C9F147 /* ViewController.swift in Sources */ = {isa = PBXBuildFile; fileRef = C65145132AAB7B4300C9F147 /* ViewController.swift */; };
		C65145192AAB7B4400C9F147 /* Assets.xcassets in Resources */ = {isa = PBXBuildFile; fileRef = C65145182AAB7B4400C9F147 /* Assets.xcassets */; };
		C651451C2AAB7B4400C9F147 /* LaunchScreen.storyboard in Resources */ = {isa = PBXBuildFile; fileRef = C651451A2AAB7B4400C9F147 /* LaunchScreen.storyboard */; };
		C651452A2AAB7CE200C9F147 /* Main.storyboard in Resources */ = {isa = PBXBuildFile; fileRef = C65145272AAB7CE200C9F147 /* Main.storyboard */; };
		C65145332AAB7D3D00C9F147 /* A.wav in Resources */ = {isa = PBXBuildFile; fileRef = C651452C2AAB7D3D00C9F147 /* A.wav */; };
		C65145342AAB7D3D00C9F147 /* C.wav in Resources */ = {isa = PBXBuildFile; fileRef = C651452D2AAB7D3D00C9F147 /* C.wav */; };
		C65145352AAB7D3D00C9F147 /* B.wav in Resources */ = {isa = PBXBuildFile; fileRef = C651452E2AAB7D3D00C9F147 /* B.wav */; };
		C65145362AAB7D3D00C9F147 /* F.wav in Resources */ = {isa = PBXBuildFile; fileRef = C651452F2AAB7D3D00C9F147 /* F.wav */; };
		C65145372AAB7D3D00C9F147 /* G.wav in Resources */ = {isa = PBXBuildFile; fileRef = C65145302AAB7D3D00C9F147 /* G.wav */; };
		C65145382AAB7D3D00C9F147 /* E.wav in Resources */ = {isa = PBXBuildFile; fileRef = C65145312AAB7D3D00C9F147 /* E.wav */; };
		C65145392AAB7D3D00C9F147 /* D.wav in Resources */ = {isa = PBXBuildFile; fileRef = C65145322AAB7D3D00C9F147 /* D.wav */; };
/* End PBXBuildFile section */

/* Begin PBXFileReference section */
		C651450C2AAB7B4300C9F147 /* XylophoneApp.app */ = {isa = PBXFileReference; explicitFileType = wrapper.application; includeInIndex = 0; path = XylophoneApp.app; sourceTree = BUILT_PRODUCTS_DIR; };
		C651450F2AAB7B4300C9F147 /* AppDelegate.swift */ = {isa = PBXFileReference; lastKnownFileType = sourcecode.swift; path = AppDelegate.swift; sourceTree = "<group>"; };
		C65145112AAB7B4300C9F147 /* SceneDelegate.swift */ = {isa = PBXFileReference; lastKnownFileType = sourcecode.swift; path = SceneDelegate.swift; sourceTree = "<group>"; };
		C65145132AAB7B4300C9F147 /* ViewController.swift */ = {isa = PBXFileReference; lastKnownFileType = sourcecode.swift; path = ViewController.swift; sourceTree = "<group>"; };
		C65145182AAB7B4400C9F147 /* Assets.xcassets */ = {isa = PBXFileReference; lastKnownFileType = folder.assetcatalog; path = Assets.xcassets; sourceTree = "<group>"; };
		C651451B2AAB7B4400C9F147 /* Base */ = {isa = PBXFileReference; lastKnownFileType = file.storyboard; name = Base; path = Base.lproj/LaunchScreen.storyboard; sourceTree = "<group>"; };
		C651451D2AAB7B4400C9F147 /* Info.plist */ = {isa = PBXFileReference; lastKnownFileType = text.plist.xml; path = Info.plist; sourceTree = "<group>"; };
		C65145282AAB7CE200C9F147 /* Base */ = {isa = PBXFileReference; lastKnownFileType = file.storyboard; name = Base; path = Main.storyboard; sourceTree = "<group>"; };
		C651452C2AAB7D3D00C9F147 /* A.wav */ = {isa = PBXFileReference; lastKnownFileType = audio.wav; path = A.wav; sourceTree = "<group>"; };
		C651452D2AAB7D3D00C9F147 /* C.wav */ = {isa = PBXFileReference; lastKnownFileType = audio.wav; path = C.wav; sourceTree = "<group>"; };
		C651452E2AAB7D3D00C9F147 /* B.wav */ = {isa = PBXFileReference; lastKnownFileType = audio.wav; path = B.wav; sourceTree = "<group>"; };
		C651452F2AAB7D3D00C9F147 /* F.wav */ = {isa = PBXFileReference; lastKnownFileType = audio.wav; path = F.wav; sourceTree = "<group>"; };
		C65145302AAB7D3D00C9F147 /* G.wav */ = {isa = PBXFileReference; lastKnownFileType = audio.wav; path = G.wav; sourceTree = "<group>"; };
		C65145312AAB7D3D00C9F147 /* E.wav */ = {isa = PBXFileReference; lastKnownFileType = audio.wav; path = E.wav; sourceTree = "<group>"; };
		C65145322AAB7D3D00C9F147 /* D.wav */ = {isa = PBXFileReference; lastKnownFileType = audio.wav; path = D.wav; sourceTree = "<group>"; };
/* End PBXFileReference section */

/* Begin PBXFrameworksBuildPhase section */
		C65145092AAB7B4300C9F147 /* Frameworks */ = {
			isa = PBXFrameworksBuildPhase;
			buildActionMask = 2147483647;
			files = (
			);
			runOnlyForDeploymentPostprocessing = 0;
		};
/* End PBXFrameworksBuildPhase section */

/* Begin PBXGroup section */
		C65145032AAB7B4300C9F147 = {
			isa = PBXGroup;
			children = (
				C651450E2AAB7B4300C9F147 /* XylophoneApp */,
				C651450D2AAB7B4300C9F147 /* Products */,
			);
			sourceTree = "<group>";
		};
		C651450D2AAB7B4300C9F147 /* Products */ = {
			isa = PBXGroup;
			children = (
				C651450C2AAB7B4300C9F147 /* XylophoneApp.app */,
			);
			name = Products;
			sourceTree = "<group>";
		};
		C651450E2AAB7B4300C9F147 /* XylophoneApp */ = {
			isa = PBXGroup;
			children = (
				C651450F2AAB7B4300C9F147 /* AppDelegate.swift */,
				C65145112AAB7B4300C9F147 /* SceneDelegate.swift */,
				C65145132AAB7B4300C9F147 /* ViewController.swift */,
				C65145272AAB7CE200C9F147 /* Main.storyboard */,
				C65145182AAB7B4400C9F147 /* Assets.xcassets */,
				C651451A2AAB7B4400C9F147 /* LaunchScreen.storyboard */,
				C651451D2AAB7B4400C9F147 /* Info.plist */,
				C651452B2AAB7D3D00C9F147 /* Sounds */,
			);
			path = XylophoneApp;
			sourceTree = "<group>";
		};
		C651452B2AAB7D3D00C9F147 /* Sounds */ = {
			isa = PBXGroup;
			children = (
				C651452C2AAB7D3D00C9F147 /* A.wav */,
				C651452D2AAB7D3D00C9F147 /* C.wav */,
				C651452E2AAB7D3D00C9F147 /* B.wav */,
				C651452F2AAB7D3D00C9F147 /* F.wav */,
				C65145302AAB7D3D00C9F147 /* G.wav */,
				C65145312AAB7D3D00C9F147 /* E.wav */,
				C65145322AAB7D3D00C9F147 /* D.wav */,
			);
			path = Sounds;
			sourceTree = "<group>";
		};
/* End PBXGroup section */

/* Begin PBXNativeTarget section */
		C651450B2AAB7B4300C9F147 /* XylophoneApp */ = {
			isa = PBXNativeTarget;
			buildConfigurationList = C65145202AAB7B4400C9F147 /* Build configuration list for PBXNativeTarget "XylophoneApp" */;
			buildPhases = (
				C65145082AAB7B4300C9F147 /* Sources */,
				C65145092AAB7B4300C9F147 /* Frameworks */,
				C651450A2AAB7B4300C9F147 /* Resources */,
			);
			buildRules = (
			);
			dependencies = (
			);
			name = XylophoneApp;
			productName = XylophoneApp;
			productReference = C651450C2AAB7B4300C9F147 /* XylophoneApp.app */;
			productType = "com.apple.product-type.application";
		};
/* End PBXNativeTarget section */

/* Begin PBXProject section */
		C65145042AAB7B4300C9F147 /* Project object */ = {
			isa = PBXProject;
			attributes = {
				BuildIndependentTargetsInParallel = 1;
				LastSwiftUpdateCheck = 1430;
				LastUpgradeCheck = 1430;
				TargetAttributes = {
					C651450B2AAB7B4300C9F147 = {
						CreatedOnToolsVersion = 14.3.1;
					};
				};
			};
			buildConfigurationList = C65145072AAB7B4300C9F147 /* Build configuration list for PBXProject "XylophoneApp" */;
			compatibilityVersion = "Xcode 14.0";
			developmentRegion = en;
			hasScannedForEncodings = 0;
			knownRegions = (
				en,
				Base,
			);
			mainGroup = C65145032AAB7B4300C9F147;
			productRefGroup = C651450D2AAB7B4300C9F147 /* Products */;
			projectDirPath = "";
			projectRoot = "";
			targets = (
				C651450B2AAB7B4300C9F147 /* XylophoneApp */,
			);
		};
/* End PBXProject section */

/* Begin PBXResourcesBuildPhase section */
		C651450A2AAB7B4300C9F147 /* Resources */ = {
			isa = PBXResourcesBuildPhase;
			buildActionMask = 2147483647;
			files = (
				C65145392AAB7D3D00C9F147 /* D.wav in Resources */,
				C65145382AAB7D3D00C9F147 /* E.wav in Resources */,
				C65145372AAB7D3D00C9F147 /* G.wav in Resources */,
				C65145342AAB7D3D00C9F147 /* C.wav in Resources */,
				C651451C2AAB7B4400C9F147 /* LaunchScreen.storyboard in Resources */,
				C65145352AAB7D3D00C9F147 /* B.wav in Resources */,
				C65145192AAB7B4400C9F147 /* Assets.xcassets in Resources */,
				C65145332AAB7D3D00C9F147 /* A.wav in Resources */,
				C651452A2AAB7CE200C9F147 /* Main.storyboard in Resources */,
				C65145362AAB7D3D00C9F147 /* F.wav in Resources */,
			);
			runOnlyForDeploymentPostprocessing = 0;
		};
/* End PBXResourcesBuildPhase section */

/* Begin PBXSourcesBuildPhase section */
		C65145082AAB7B4300C9F147 /* Sources */ = {
			isa = PBXSourcesBuildPhase;
			buildActionMask = 2147483647;
			files = (
				C65145142AAB7B4300C9F147 /* ViewController.swift in Sources */,
				C65145102AAB7B4300C9F147 /* AppDelegate.swift in Sources */,
				C65145122AAB7B4300C9F147 /* SceneDelegate.swift in Sources */,
			);
			runOnlyForDeploymentPostprocessing = 0;
		};
/* End PBXSourcesBuildPhase section */

/* Begin PBXVariantGroup section */
		C651451A2AAB7B4400C9F147 /* LaunchScreen.storyboard */ = {
			isa = PBXVariantGroup;
			children = (
				C651451B2AAB7B4400C9F147 /* Base */,
			);
			name = LaunchScreen.storyboard;
			sourceTree = "<group>";
		};
		C65145272AAB7CE200C9F147 /* Main.storyboard */ = {
			isa = PBXVariantGroup;
			children = (
				C65145282AAB7CE200C9F147 /* Base */,
			);
			name = Main.storyboard;
			sourceTree = "<group>";
		};
/* End PBXVariantGroup section */

/* Begin XCBuildConfiguration section */
		C651451E2AAB7B4400C9F147 /* Debug */ = {
			isa = XCBuildConfiguration;
			buildSettings = {
				ALWAYS_SEARCH_USER_PATHS = NO;
				CLANG_ANALYZER_NONNULL = YES;
				CLANG_ANALYZER_NUMBER_OBJECT_CONVERSION = YES_AGGRESSIVE;
				CLANG_CXX_LANGUAGE_STANDARD = "gnu++20";
				CLANG_ENABLE_MODULES = YES;
				CLANG_ENABLE_OBJC_ARC = YES;
				CLANG_ENABLE_OBJC_WEAK = YES;
				CLANG_WARN_BLOCK_CAPTURE_AUTORELEASING = YES;
				CLANG_WARN_BOOL_CONVERSION = YES;
				CLANG_WARN_COMMA = YES;
				CLANG_WARN_CONSTANT_CONVERSION = YES;
				CLANG_WARN_DEPRECATED_OBJC_IMPLEMENTATIONS = YES;
				CLANG_WARN_DIRECT_OBJC_ISA_USAGE = YES_ERROR;
				CLANG_WARN_DOCUMENTATION_COMMENTS = YES;
				CLANG_WARN_EMPTY_BODY = YES;
				CLANG_WARN_ENUM_CONVERSION = YES;
				CLANG_WARN_INFINITE_RECURSION = YES;
				CLANG_WARN_INT_CONVERSION = YES;
				CLANG_WARN_NON_LITERAL_NULL_CONVERSION = YES;
				CLANG_WARN_OBJC_IMPLICIT_RETAIN_SELF = YES;
				CLANG_WARN_OBJC_LITERAL_CONVERSION = YES;
				CLANG_WARN_OBJC_ROOT_CLASS = YES_ERROR;
				CLANG_WARN_QUOTED_INCLUDE_IN_FRAMEWORK_HEADER = YES;
				CLANG_WARN_RANGE_LOOP_ANALYSIS = YES;
				CLANG_WARN_STRICT_PROTOTYPES = YES;
				CLANG_WARN_SUSPICIOUS_MOVE = YES;
				CLANG_WARN_UNGUARDED_AVAILABILITY = YES_AGGRESSIVE;
				CLANG_WARN_UNREACHABLE_CODE = YES;
				CLANG_WARN__DUPLICATE_METHOD_MATCH = YES;
				COPY_PHASE_STRIP = NO;
				DEBUG_INFORMATION_FORMAT = dwarf;
				ENABLE_STRICT_OBJC_MSGSEND = YES;
				ENABLE_TESTABILITY = YES;
				GCC_C_LANGUAGE_STANDARD = gnu11;
				GCC_DYNAMIC_NO_PIC = NO;
				GCC_NO_COMMON_BLOCKS = YES;
				GCC_OPTIMIZATION_LEVEL = 0;
				GCC_PREPROCESSOR_DEFINITIONS = (
					"DEBUG=1",
					"$(inherited)",
				);
				GCC_WARN_64_TO_32_BIT_CONVERSION = YES;
				GCC_WARN_ABOUT_RETURN_TYPE = YES_ERROR;
				GCC_WARN_UNDECLARED_SELECTOR = YES;
				GCC_WARN_UNINITIALIZED_AUTOS = YES_AGGRESSIVE;
				GCC_WARN_UNUSED_FUNCTION = YES;
				GCC_WARN_UNUSED_VARIABLE = YES;
				IPHONEOS_DEPLOYMENT_TARGET = 16.4;
				MTL_ENABLE_DEBUG_INFO = INCLUDE_SOURCE;
				MTL_FAST_MATH = YES;
				ONLY_ACTIVE_ARCH = YES;
				SDKROOT = iphoneos;
				SWIFT_ACTIVE_COMPILATION_CONDITIONS = DEBUG;
				SWIFT_OPTIMIZATION_LEVEL = "-Onone";
			};
			name = Debug;
		};
		C651451F2AAB7B4400C9F147 /* Release */ = {
			isa = XCBuildConfiguration;
			buildSettings = {
				ALWAYS_SEARCH_USER_PATHS = NO;
				CLANG_ANALYZER_NONNULL = YES;
				CLANG_ANALYZER_NUMBER_OBJECT_CONVERSION = YES_AGGRESSIVE;
				CLANG_CXX_LANGUAGE_STANDARD = "gnu++20";
				CLANG_ENABLE_MODULES = YES;
				CLANG_ENABLE_OBJC_ARC = YES;
				CLANG_ENABLE_OBJC_WEAK = YES;
				CLANG_WARN_BLOCK_CAPTURE_AUTORELEASING = YES;
				CLANG_WARN_BOOL_CONVERSION = YES;
				CLANG_WARN_COMMA = YES;
				CLANG_WARN_CONSTANT_CONVERSION = YES;
				CLANG_WARN_DEPRECATED_OBJC_IMPLEMENTATIONS = YES;
				CLANG_WARN_DIRECT_OBJC_ISA_USAGE = YES_ERROR;
				CLANG_WARN_DOCUMENTATION_COMMENTS = YES;
				CLANG_WARN_EMPTY_BODY = YES;
				CLANG_WARN_ENUM_CONVERSION = YES;
				CLANG_WARN_INFINITE_RECURSION = YES;
				CLANG_WARN_INT_CONVERSION = YES;
				CLANG_WARN_NON_LITERAL_NULL_CONVERSION = YES;
				CLANG_WARN_OBJC_IMPLICIT_RETAIN_SELF = YES;
				CLANG_WARN_OBJC_LITERAL_CONVERSION = YES;
				CLANG_WARN_OBJC_ROOT_CLASS = YES_ERROR;
				CLANG_WARN_QUOTED_INCLUDE_IN_FRAMEWORK_HEADER = YES;
				CLANG_WARN_RANGE_LOOP_ANALYSIS = YES;
				CLANG_WARN_STRICT_PROTOTYPES = YES;
				CLANG_WARN_SUSPICIOUS_MOVE = YES;
				CLANG_WARN_UNGUARDED_AVAILABILITY = YES_AGGRESSIVE;
				CLANG_WARN_UNREACHABLE_CODE = YES;
				CLANG_WARN__DUPLICATE_METHOD_MATCH = YES;
				COPY_PHASE_STRIP = NO;
				DEBUG_INFORMATION_FORMAT = "dwarf-with-dsym";
				ENABLE_NS_ASSERTIONS = NO;
				ENABLE_STRICT_OBJC_MSGSEND = YES;
				GCC_C_LANGUAGE_STANDARD = gnu11;
				GCC_NO_COMMON_BLOCKS = YES;
				GCC_WARN_64_TO_32_BIT_CONVERSION = YES;
				GCC_WARN_ABOUT_RETURN_TYPE = YES_ERROR;
				GCC_WARN_UNDECLARED_SELECTOR = YES;
				GCC_WARN_UNINITIALIZED_AUTOS = YES_AGGRESSIVE;
				GCC_WARN_UNUSED_FUNCTION = YES;
				GCC_WARN_UNUSED_VARIABLE = YES;
				IPHONEOS_DEPLOYMENT_TARGET = 16.4;
				MTL_ENABLE_DEBUG_INFO = NO;
				MTL_FAST_MATH = YES;
				SDKROOT = iphoneos;
				SWIFT_COMPILATION_MODE = wholemodule;
				SWIFT_OPTIMIZATION_LEVEL = "-O";
				VALIDATE_PRODUCT = YES;
			};
			name = Release;
		};
		C65145212AAB7B4400C9F147 /* Debug */ = {
			isa = XCBuildConfiguration;
			buildSettings = {
				ASSETCATALOG_COMPILER_APPICON_NAME = AppIcon;
				ASSETCATALOG_COMPILER_GLOBAL_ACCENT_COLOR_NAME = AccentColor;
				CODE_SIGN_STYLE = Automatic;
				CURRENT_PROJECT_VERSION = 1;
				DEVELOPMENT_TEAM = MQB8N932K2;
				GENERATE_INFOPLIST_FILE = YES;
				INFOPLIST_FILE = XylophoneApp/Info.plist;
				INFOPLIST_KEY_UIApplicationSupportsIndirectInputEvents = YES;
				INFOPLIST_KEY_UILaunchStoryboardName = LaunchScreen;
				INFOPLIST_KEY_UIMainStoryboardFile = Main;
				INFOPLIST_KEY_UISupportedInterfaceOrientations_iPad = "UIInterfaceOrientationPortrait UIInterfaceOrientationPortraitUpsideDown UIInterfaceOrientationLandscapeLeft UIInterfaceOrientationLandscapeRight";
				INFOPLIST_KEY_UISupportedInterfaceOrientations_iPhone = "UIInterfaceOrientationPortrait UIInterfaceOrientationLandscapeLeft UIInterfaceOrientationLandscapeRight";
				LD_RUNPATH_SEARCH_PATHS = (
					"$(inherited)",
					"@executable_path/Frameworks",
				);
				MARKETING_VERSION = 1.0;
				PRODUCT_BUNDLE_IDENTIFIER = com.enzogabriel.XylophoneApp;
				PRODUCT_NAME = "$(TARGET_NAME)";
				SWIFT_EMIT_LOC_STRINGS = YES;
				SWIFT_VERSION = 5.0;
				TARGETED_DEVICE_FAMILY = "1,2";
			};
			name = Debug;
		};
		C65145222AAB7B4400C9F147 /* Release */ = {
			isa = XCBuildConfiguration;
			buildSettings = {
				ASSETCATALOG_COMPILER_APPICON_NAME = AppIcon;
				ASSETCATALOG_COMPILER_GLOBAL_ACCENT_COLOR_NAME = AccentColor;
				CODE_SIGN_STYLE = Automatic;
				CURRENT_PROJECT_VERSION = 1;
				DEVELOPMENT_TEAM = MQB8N932K2;
				GENERATE_INFOPLIST_FILE = YES;
				INFOPLIST_FILE = XylophoneApp/Info.plist;
				INFOPLIST_KEY_UIApplicationSupportsIndirectInputEvents = YES;
				INFOPLIST_KEY_UILaunchStoryboardName = LaunchScreen;
				INFOPLIST_KEY_UIMainStoryboardFile = Main;
				INFOPLIST_KEY_UISupportedInterfaceOrientations_iPad = "UIInterfaceOrientationPortrait UIInterfaceOrientationPortraitUpsideDown UIInterfaceOrientationLandscapeLeft UIInterfaceOrientationLandscapeRight";
				INFOPLIST_KEY_UISupportedInterfaceOrientations_iPhone = "UIInterfaceOrientationPortrait UIInterfaceOrientationLandscapeLeft UIInterfaceOrientationLandscapeRight";
				LD_RUNPATH_SEARCH_PATHS = (
					"$(inherited)",
					"@executable_path/Frameworks",
				);
				MARKETING_VERSION = 1.0;
				PRODUCT_BUNDLE_IDENTIFIER = com.enzogabriel.XylophoneApp;
				PRODUCT_NAME = "$(TARGET_NAME)";
				SWIFT_EMIT_LOC_STRINGS = YES;
				SWIFT_VERSION = 5.0;
				TARGETED_DEVICE_FAMILY = "1,2";
			};
			name = Release;
		};
/* End XCBuildConfiguration section */

/* Begin XCConfigurationList section */
		C65145072AAB7B4300C9F147 /* Build configuration list for PBXProject "XylophoneApp" */ = {
			isa = XCConfigurationList;
			buildConfigurations = (
				C651451E2AAB7B4400C9F147 /* Debug */,
				C651451F2AAB7B4400C9F147 /* Release */,
			);
			defaultConfigurationIsVisible = 0;
			defaultConfigurationName = Release;
		};
		C65145202AAB7B4400C9F147 /* Build configuration list for PBXNativeTarget "XylophoneApp" */ = {
			isa = XCConfigurationList;
			buildConfigurations = (
				C65145212AAB7B4400C9F147 /* Debug */,
				C65145222AAB7B4400C9F147 /* Release */,
			);
			defaultConfigurationIsVisible = 0;
			defaultConfigurationName = Release;
		};
/* End XCConfigurationList section */
	};
	rootObject = C65145042AAB7B4300C9F147 /* Project object */;
}
